
Microsoft Visual Studio Solution File, Format Version 12.00
# Visual Studio Version 17
VisualStudioVersion = 17.12.35514.174
MinimumVisualStudioVersion = 10.0.40219.1
Project("{FAE04EC0-301F-11D3-BF4B-00C04F79EFBC}") = "ProducerApi", "ProducerApi\ProducerApi.csproj", "{6B38B98F-13EE-4DFF-84BB-5CB9747397FD}"
EndProject
Project("{FAE04EC0-301F-11D3-BF4B-00C04F79EFBC}") = "ConsumerApi", "ConsumerApi\ConsumerApi.csproj", "{DC255AE6-F82E-4054-9CAA-0AEAE7AD266E}"
EndProject
Project("{FAE04EC0-301F-11D3-BF4B-00C04F79EFBC}") = "Logic", "Database\Logic.csproj", "{9F33DEC9-AB63-45DD-9FED-6FB78EBD1724}"
EndProject
Global
	GlobalSection(SolutionConfigurationPlatforms) = preSolution
		Debug|Any CPU = Debug|Any CPU
		Release|Any CPU = Release|Any CPU
	EndGlobalSection
	GlobalSection(ProjectConfigurationPlatforms) = postSolution
		{6B38B98F-13EE-4DFF-84BB-5CB9747397FD}.Debug|Any CPU.ActiveCfg = Debug|Any CPU
		{6B38B98F-13EE-4DFF-84BB-5CB9747397FD}.Debug|Any CPU.Build.0 = Debug|Any CPU
		{6B38B98F-13EE-4DFF-84BB-5CB9747397FD}.Release|Any CPU.ActiveCfg = Release|Any CPU
		{6B38B98F-13EE-4DFF-84BB-5CB9747397FD}.Release|Any CPU.Build.0 = Release|Any CPU
		{DC255AE6-F82E-4054-9CAA-0AEAE7AD266E}.Debug|Any CPU.ActiveCfg = Debug|Any CPU
		{DC255AE6-F82E-4054-9CAA-0AEAE7AD266E}.Debug|Any CPU.Build.0 = Debug|Any CPU
		{DC255AE6-F82E-4054-9CAA-0AEAE7AD266E}.Release|Any CPU.ActiveCfg = Release|Any CPU
		{DC255AE6-F82E-4054-9CAA-0AEAE7AD266E}.Release|Any CPU.Build.0 = Release|Any CPU
		{9F33DEC9-AB63-45DD-9FED-6FB78EBD1724}.Debug|Any CPU.ActiveCfg = Debug|Any CPU
		{9F33DEC9-AB63-45DD-9FED-6FB78EBD1724}.Debug|Any CPU.Build.0 = Debug|Any CPU
		{9F33DEC9-AB63-45DD-9FED-6FB78EBD1724}.Release|Any CPU.ActiveCfg = Release|Any CPU
		{9F33DEC9-AB63-45DD-9FED-6FB78EBD1724}.Release|Any CPU.Build.0 = Release|Any CPU
	EndGlobalSection
	GlobalSection(SolutionProperties) = preSolution
		HideSolutionNode = FALSE
	EndGlobalSection
EndGlobal
